
Microsoft Visual Studio Solution File, Format Version 12.00
# Visual Studio Version 17
VisualStudioVersion = 17.0.31912.275
MinimumVisualStudioVersion = 10.0.40219.1
Project("{9A19103F-16F7-4668-BE54-9A1E7A4F7556}") = "App.Cli", "src\App.Ui\App.Cli\App.Cli.csproj", "{97E0C1C8-66F8-443A-B15A-5D398505D982}"
EndProject
Project("{9A19103F-16F7-4668-BE54-9A1E7A4F7556}") = "App.Api.Web", "src\App.Api\App.Api.Web\App.Api.Web.csproj", "{343EC8DA-4247-4DE3-B68A-6A069D74A105}"
EndProject
Project("{9A19103F-16F7-4668-BE54-9A1E7A4F7556}") = "App.Services", "src\App.Core\App.Services\App.Services.csproj", "{A2E8832F-0089-4F11-B3CB-5E8A78090671}"
EndProject
Project("{9A19103F-16F7-4668-BE54-9A1E7A4F7556}") = "App.Win", "src\App.Ui\App.Win\App.Win.csproj", "{86414956-326E-495D-8F41-CC035185B926}"
EndProject
Project("{930C7802-8A8C-48F9-8165-68863BCCD9DD}") = "App.Win.Installer", "src\App.Ui\App.Win.Installer\App.Win.Installer.wixproj", "{7001A624-65AB-49C2-829B-9CD39FD49AE3}"
EndProject
Project("{2150E333-8FDC-42A3-9474-1A3956D46DE8}") = "src", "src", "{030AF099-AC36-49BB-82DF-1E8DAB73A814}"
EndProject
Project("{2150E333-8FDC-42A3-9474-1A3956D46DE8}") = "tests", "tests", "{A2B42993-1D9C-4933-A270-3FE9D5E748A2}"
EndProject
Project("{2150E333-8FDC-42A3-9474-1A3956D46DE8}") = "APIs", "APIs", "{3BFBE246-3A29-4AFC-B1A0-E8816B3DF3C6}"
EndProject
Project("{2150E333-8FDC-42A3-9474-1A3956D46DE8}") = "Core", "Core", "{BCE6D20C-C7F1-4C16-85D9-575B32E1E057}"
EndProject
Project("{2150E333-8FDC-42A3-9474-1A3956D46DE8}") = "Infrastructure", "Infrastructure", "{88A5A718-78B1-4B19-AEEF-0C5B3A8C1F01}"
EndProject
Project("{2150E333-8FDC-42A3-9474-1A3956D46DE8}") = "Shared", "Shared", "{449D79E9-C539-499C-9D2D-4B3DDB0D473A}"
EndProject
Project("{2150E333-8FDC-42A3-9474-1A3956D46DE8}") = "UI", "UI", "{B6B5556C-CB1C-43CC-B0B3-A79E3BA0D002}"
EndProject
Project("{9A19103F-16F7-4668-BE54-9A1E7A4F7556}") = "App.Data", "src\App.Core\App.Data\App.Data.csproj", "{EDAA2222-F645-4F91-8877-B7A20006E5A6}"
EndProject
Project("{9A19103F-16F7-4668-BE54-9A1E7A4F7556}") = "App.Data.Sandbox", "src\App.Infrastructure\App.Data\App.Data.Sandbox.csproj", "{5D729F3F-FE3A-44FD-A8D0-9D004ADADA8C}"
EndProject
Project("{9A19103F-16F7-4668-BE54-9A1E7A4F7556}") = "My.Shared.Logging.Serilog", "src\App.Shared\Logging\Serilog\My.Shared.Logging.Serilog.csproj", "{BB0BE951-0CE4-4C5B-9FA2-1FC821E63C97}"
EndProject
Project("{9A19103F-16F7-4668-BE54-9A1E7A4F7556}") = "App.SharedKernel", "src\App.Shared\App.SharedKernal\App.SharedKernel.csproj", "{63A8F662-F491-4917-848A-FB1E614E54D2}"
EndProject
Project("{9A19103F-16F7-4668-BE54-9A1E7A4F7556}") = "App.Infrastructure", "src\App.Infrastructure\App.Infrastructure\App.Infrastructure.csproj", "{2231A0CA-C945-452C-B1A3-A72CBD43F1FA}"
EndProject
Global
	GlobalSection(SolutionConfigurationPlatforms) = preSolution
		Debug|Any CPU = Debug|Any CPU
		Debug|x64 = Debug|x64
		Debug|x86 = Debug|x86
		Development|Any CPU = Development|Any CPU
		Development|x64 = Development|x64
		Development|x86 = Development|x86
		Production|Any CPU = Production|Any CPU
		Production|x64 = Production|x64
		Production|x86 = Production|x86
		Release|Any CPU = Release|Any CPU
		Release|x64 = Release|x64
		Release|x86 = Release|x86
		Staging|Any CPU = Staging|Any CPU
		Staging|x64 = Staging|x64
		Staging|x86 = Staging|x86
	EndGlobalSection
	GlobalSection(ProjectConfigurationPlatforms) = postSolution
		{97E0C1C8-66F8-443A-B15A-5D398505D982}.Debug|Any CPU.ActiveCfg = Debug|Any CPU
		{97E0C1C8-66F8-443A-B15A-5D398505D982}.Debug|Any CPU.Build.0 = Debug|Any CPU
		{97E0C1C8-66F8-443A-B15A-5D398505D982}.Debug|x64.ActiveCfg = Debug|Any CPU
		{97E0C1C8-66F8-443A-B15A-5D398505D982}.Debug|x64.Build.0 = Debug|Any CPU
		{97E0C1C8-66F8-443A-B15A-5D398505D982}.Debug|x86.ActiveCfg = Debug|Any CPU
		{97E0C1C8-66F8-443A-B15A-5D398505D982}.Debug|x86.Build.0 = Debug|Any CPU
		{97E0C1C8-66F8-443A-B15A-5D398505D982}.Development|Any CPU.ActiveCfg = Development|Any CPU
		{97E0C1C8-66F8-443A-B15A-5D398505D982}.Development|Any CPU.Build.0 = Development|Any CPU
		{97E0C1C8-66F8-443A-B15A-5D398505D982}.Development|x64.ActiveCfg = Development|Any CPU
		{97E0C1C8-66F8-443A-B15A-5D398505D982}.Development|x64.Build.0 = Development|Any CPU
		{97E0C1C8-66F8-443A-B15A-5D398505D982}.Development|x86.ActiveCfg = Development|Any CPU
		{97E0C1C8-66F8-443A-B15A-5D398505D982}.Development|x86.Build.0 = Development|Any CPU
		{97E0C1C8-66F8-443A-B15A-5D398505D982}.Production|Any CPU.ActiveCfg = Production|Any CPU
		{97E0C1C8-66F8-443A-B15A-5D398505D982}.Production|Any CPU.Build.0 = Production|Any CPU
		{97E0C1C8-66F8-443A-B15A-5D398505D982}.Production|x64.ActiveCfg = Production|Any CPU
		{97E0C1C8-66F8-443A-B15A-5D398505D982}.Production|x64.Build.0 = Production|Any CPU
		{97E0C1C8-66F8-443A-B15A-5D398505D982}.Production|x86.ActiveCfg = Production|Any CPU
		{97E0C1C8-66F8-443A-B15A-5D398505D982}.Production|x86.Build.0 = Production|Any CPU
		{97E0C1C8-66F8-443A-B15A-5D398505D982}.Release|Any CPU.ActiveCfg = Release|Any CPU
		{97E0C1C8-66F8-443A-B15A-5D398505D982}.Release|Any CPU.Build.0 = Release|Any CPU
		{97E0C1C8-66F8-443A-B15A-5D398505D982}.Release|x64.ActiveCfg = Release|Any CPU
		{97E0C1C8-66F8-443A-B15A-5D398505D982}.Release|x64.Build.0 = Release|Any CPU
		{97E0C1C8-66F8-443A-B15A-5D398505D982}.Release|x86.ActiveCfg = Release|Any CPU
		{97E0C1C8-66F8-443A-B15A-5D398505D982}.Release|x86.Build.0 = Release|Any CPU
		{97E0C1C8-66F8-443A-B15A-5D398505D982}.Staging|Any CPU.ActiveCfg = Staging|Any CPU
		{97E0C1C8-66F8-443A-B15A-5D398505D982}.Staging|Any CPU.Build.0 = Staging|Any CPU
		{97E0C1C8-66F8-443A-B15A-5D398505D982}.Staging|x64.ActiveCfg = Staging|Any CPU
		{97E0C1C8-66F8-443A-B15A-5D398505D982}.Staging|x64.Build.0 = Staging|Any CPU
		{97E0C1C8-66F8-443A-B15A-5D398505D982}.Staging|x86.ActiveCfg = Staging|Any CPU
		{97E0C1C8-66F8-443A-B15A-5D398505D982}.Staging|x86.Build.0 = Staging|Any CPU
		{343EC8DA-4247-4DE3-B68A-6A069D74A105}.Debug|Any CPU.ActiveCfg = Debug|Any CPU
		{343EC8DA-4247-4DE3-B68A-6A069D74A105}.Debug|Any CPU.Build.0 = Debug|Any CPU
		{343EC8DA-4247-4DE3-B68A-6A069D74A105}.Debug|x64.ActiveCfg = Debug|Any CPU
		{343EC8DA-4247-4DE3-B68A-6A069D74A105}.Debug|x64.Build.0 = Debug|Any CPU
		{343EC8DA-4247-4DE3-B68A-6A069D74A105}.Debug|x86.ActiveCfg = Debug|Any CPU
		{343EC8DA-4247-4DE3-B68A-6A069D74A105}.Debug|x86.Build.0 = Debug|Any CPU
		{343EC8DA-4247-4DE3-B68A-6A069D74A105}.Development|Any CPU.ActiveCfg = Development|Any CPU
		{343EC8DA-4247-4DE3-B68A-6A069D74A105}.Development|Any CPU.Build.0 = Development|Any CPU
		{343EC8DA-4247-4DE3-B68A-6A069D74A105}.Development|x64.ActiveCfg = Development|Any CPU
		{343EC8DA-4247-4DE3-B68A-6A069D74A105}.Development|x64.Build.0 = Development|Any CPU
		{343EC8DA-4247-4DE3-B68A-6A069D74A105}.Development|x86.ActiveCfg = Development|Any CPU
		{343EC8DA-4247-4DE3-B68A-6A069D74A105}.Development|x86.Build.0 = Development|Any CPU
		{343EC8DA-4247-4DE3-B68A-6A069D74A105}.Production|Any CPU.ActiveCfg = Production|Any CPU
		{343EC8DA-4247-4DE3-B68A-6A069D74A105}.Production|Any CPU.Build.0 = Production|Any CPU
		{343EC8DA-4247-4DE3-B68A-6A069D74A105}.Production|x64.ActiveCfg = Production|Any CPU
		{343EC8DA-4247-4DE3-B68A-6A069D74A105}.Production|x64.Build.0 = Production|Any CPU
		{343EC8DA-4247-4DE3-B68A-6A069D74A105}.Production|x86.ActiveCfg = Production|Any CPU
		{343EC8DA-4247-4DE3-B68A-6A069D74A105}.Production|x86.Build.0 = Production|Any CPU
		{343EC8DA-4247-4DE3-B68A-6A069D74A105}.Release|Any CPU.ActiveCfg = Release|Any CPU
		{343EC8DA-4247-4DE3-B68A-6A069D74A105}.Release|Any CPU.Build.0 = Release|Any CPU
		{343EC8DA-4247-4DE3-B68A-6A069D74A105}.Release|x64.ActiveCfg = Release|Any CPU
		{343EC8DA-4247-4DE3-B68A-6A069D74A105}.Release|x64.Build.0 = Release|Any CPU
		{343EC8DA-4247-4DE3-B68A-6A069D74A105}.Release|x86.ActiveCfg = Release|Any CPU
		{343EC8DA-4247-4DE3-B68A-6A069D74A105}.Release|x86.Build.0 = Release|Any CPU
		{343EC8DA-4247-4DE3-B68A-6A069D74A105}.Staging|Any CPU.ActiveCfg = Staging|Any CPU
		{343EC8DA-4247-4DE3-B68A-6A069D74A105}.Staging|Any CPU.Build.0 = Staging|Any CPU
		{343EC8DA-4247-4DE3-B68A-6A069D74A105}.Staging|x64.ActiveCfg = Staging|Any CPU
		{343EC8DA-4247-4DE3-B68A-6A069D74A105}.Staging|x64.Build.0 = Staging|Any CPU
		{343EC8DA-4247-4DE3-B68A-6A069D74A105}.Staging|x86.ActiveCfg = Staging|Any CPU
		{343EC8DA-4247-4DE3-B68A-6A069D74A105}.Staging|x86.Build.0 = Staging|Any CPU
		{A2E8832F-0089-4F11-B3CB-5E8A78090671}.Debug|Any CPU.ActiveCfg = Debug|Any CPU
		{A2E8832F-0089-4F11-B3CB-5E8A78090671}.Debug|Any CPU.Build.0 = Debug|Any CPU
		{A2E8832F-0089-4F11-B3CB-5E8A78090671}.Debug|x64.ActiveCfg = Debug|Any CPU
		{A2E8832F-0089-4F11-B3CB-5E8A78090671}.Debug|x64.Build.0 = Debug|Any CPU
		{A2E8832F-0089-4F11-B3CB-5E8A78090671}.Debug|x86.ActiveCfg = Debug|Any CPU
		{A2E8832F-0089-4F11-B3CB-5E8A78090671}.Debug|x86.Build.0 = Debug|Any CPU
		{A2E8832F-0089-4F11-B3CB-5E8A78090671}.Development|Any CPU.ActiveCfg = Development|Any CPU
		{A2E8832F-0089-4F11-B3CB-5E8A78090671}.Development|Any CPU.Build.0 = Development|Any CPU
		{A2E8832F-0089-4F11-B3CB-5E8A78090671}.Development|x64.ActiveCfg = Development|Any CPU
		{A2E8832F-0089-4F11-B3CB-5E8A78090671}.Development|x64.Build.0 = Development|Any CPU
		{A2E8832F-0089-4F11-B3CB-5E8A78090671}.Development|x86.ActiveCfg = Development|Any CPU
		{A2E8832F-0089-4F11-B3CB-5E8A78090671}.Development|x86.Build.0 = Development|Any CPU
		{A2E8832F-0089-4F11-B3CB-5E8A78090671}.Production|Any CPU.ActiveCfg = Production|Any CPU
		{A2E8832F-0089-4F11-B3CB-5E8A78090671}.Production|Any CPU.Build.0 = Production|Any CPU
		{A2E8832F-0089-4F11-B3CB-5E8A78090671}.Production|x64.ActiveCfg = Production|Any CPU
		{A2E8832F-0089-4F11-B3CB-5E8A78090671}.Production|x64.Build.0 = Production|Any CPU
		{A2E8832F-0089-4F11-B3CB-5E8A78090671}.Production|x86.ActiveCfg = Production|Any CPU
		{A2E8832F-0089-4F11-B3CB-5E8A78090671}.Production|x86.Build.0 = Production|Any CPU
		{A2E8832F-0089-4F11-B3CB-5E8A78090671}.Release|Any CPU.ActiveCfg = Release|Any CPU
		{A2E8832F-0089-4F11-B3CB-5E8A78090671}.Release|Any CPU.Build.0 = Release|Any CPU
		{A2E8832F-0089-4F11-B3CB-5E8A78090671}.Release|x64.ActiveCfg = Release|Any CPU
		{A2E8832F-0089-4F11-B3CB-5E8A78090671}.Release|x64.Build.0 = Release|Any CPU
		{A2E8832F-0089-4F11-B3CB-5E8A78090671}.Release|x86.ActiveCfg = Release|Any CPU
		{A2E8832F-0089-4F11-B3CB-5E8A78090671}.Release|x86.Build.0 = Release|Any CPU
		{A2E8832F-0089-4F11-B3CB-5E8A78090671}.Staging|Any CPU.ActiveCfg = Staging|Any CPU
		{A2E8832F-0089-4F11-B3CB-5E8A78090671}.Staging|Any CPU.Build.0 = Staging|Any CPU
		{A2E8832F-0089-4F11-B3CB-5E8A78090671}.Staging|x64.ActiveCfg = Staging|Any CPU
		{A2E8832F-0089-4F11-B3CB-5E8A78090671}.Staging|x64.Build.0 = Staging|Any CPU
		{A2E8832F-0089-4F11-B3CB-5E8A78090671}.Staging|x86.ActiveCfg = Staging|Any CPU
		{A2E8832F-0089-4F11-B3CB-5E8A78090671}.Staging|x86.Build.0 = Staging|Any CPU
		{86414956-326E-495D-8F41-CC035185B926}.Debug|Any CPU.ActiveCfg = Debug|Any CPU
		{86414956-326E-495D-8F41-CC035185B926}.Debug|Any CPU.Build.0 = Debug|Any CPU
		{86414956-326E-495D-8F41-CC035185B926}.Debug|x64.ActiveCfg = Debug|Any CPU
		{86414956-326E-495D-8F41-CC035185B926}.Debug|x64.Build.0 = Debug|Any CPU
		{86414956-326E-495D-8F41-CC035185B926}.Debug|x86.ActiveCfg = Debug|Any CPU
		{86414956-326E-495D-8F41-CC035185B926}.Debug|x86.Build.0 = Debug|Any CPU
		{86414956-326E-495D-8F41-CC035185B926}.Development|Any CPU.ActiveCfg = Development|Any CPU
		{86414956-326E-495D-8F41-CC035185B926}.Development|Any CPU.Build.0 = Development|Any CPU
		{86414956-326E-495D-8F41-CC035185B926}.Development|x64.ActiveCfg = Development|Any CPU
		{86414956-326E-495D-8F41-CC035185B926}.Development|x64.Build.0 = Development|Any CPU
		{86414956-326E-495D-8F41-CC035185B926}.Development|x86.ActiveCfg = Development|Any CPU
		{86414956-326E-495D-8F41-CC035185B926}.Development|x86.Build.0 = Development|Any CPU
		{86414956-326E-495D-8F41-CC035185B926}.Production|Any CPU.ActiveCfg = Production|Any CPU
		{86414956-326E-495D-8F41-CC035185B926}.Production|Any CPU.Build.0 = Production|Any CPU
		{86414956-326E-495D-8F41-CC035185B926}.Production|x64.ActiveCfg = Production|Any CPU
		{86414956-326E-495D-8F41-CC035185B926}.Production|x64.Build.0 = Production|Any CPU
		{86414956-326E-495D-8F41-CC035185B926}.Production|x86.ActiveCfg = Production|Any CPU
		{86414956-326E-495D-8F41-CC035185B926}.Production|x86.Build.0 = Production|Any CPU
		{86414956-326E-495D-8F41-CC035185B926}.Release|Any CPU.ActiveCfg = Release|Any CPU
		{86414956-326E-495D-8F41-CC035185B926}.Release|Any CPU.Build.0 = Release|Any CPU
		{86414956-326E-495D-8F41-CC035185B926}.Release|x64.ActiveCfg = Release|Any CPU
		{86414956-326E-495D-8F41-CC035185B926}.Release|x64.Build.0 = Release|Any CPU
		{86414956-326E-495D-8F41-CC035185B926}.Release|x86.ActiveCfg = Release|Any CPU
		{86414956-326E-495D-8F41-CC035185B926}.Release|x86.Build.0 = Release|Any CPU
		{86414956-326E-495D-8F41-CC035185B926}.Staging|Any CPU.ActiveCfg = Staging|Any CPU
		{86414956-326E-495D-8F41-CC035185B926}.Staging|Any CPU.Build.0 = Staging|Any CPU
		{86414956-326E-495D-8F41-CC035185B926}.Staging|x64.ActiveCfg = Staging|Any CPU
		{86414956-326E-495D-8F41-CC035185B926}.Staging|x64.Build.0 = Staging|Any CPU
		{86414956-326E-495D-8F41-CC035185B926}.Staging|x86.ActiveCfg = Staging|Any CPU
		{86414956-326E-495D-8F41-CC035185B926}.Staging|x86.Build.0 = Staging|Any CPU
		{7001A624-65AB-49C2-829B-9CD39FD49AE3}.Debug|Any CPU.ActiveCfg = Debug|x86
		{7001A624-65AB-49C2-829B-9CD39FD49AE3}.Debug|x64.ActiveCfg = Debug|x64
		{7001A624-65AB-49C2-829B-9CD39FD49AE3}.Debug|x64.Build.0 = Debug|x64
		{7001A624-65AB-49C2-829B-9CD39FD49AE3}.Debug|x86.ActiveCfg = Debug|x86
		{7001A624-65AB-49C2-829B-9CD39FD49AE3}.Debug|x86.Build.0 = Debug|x86
		{7001A624-65AB-49C2-829B-9CD39FD49AE3}.Development|Any CPU.ActiveCfg = Release|x64
		{7001A624-65AB-49C2-829B-9CD39FD49AE3}.Development|Any CPU.Build.0 = Release|x64
		{7001A624-65AB-49C2-829B-9CD39FD49AE3}.Development|x64.ActiveCfg = Development|x64
		{7001A624-65AB-49C2-829B-9CD39FD49AE3}.Development|x86.ActiveCfg = Debug|x86
		{7001A624-65AB-49C2-829B-9CD39FD49AE3}.Development|x86.Build.0 = Debug|x86
		{7001A624-65AB-49C2-829B-9CD39FD49AE3}.Production|Any CPU.ActiveCfg = Release|x64
		{7001A624-65AB-49C2-829B-9CD39FD49AE3}.Production|Any CPU.Build.0 = Release|x64
		{7001A624-65AB-49C2-829B-9CD39FD49AE3}.Production|x64.ActiveCfg = Production|x64
		{7001A624-65AB-49C2-829B-9CD39FD49AE3}.Production|x86.ActiveCfg = Release|x86
		{7001A624-65AB-49C2-829B-9CD39FD49AE3}.Production|x86.Build.0 = Release|x86
		{7001A624-65AB-49C2-829B-9CD39FD49AE3}.Release|Any CPU.ActiveCfg = Release|x86
		{7001A624-65AB-49C2-829B-9CD39FD49AE3}.Release|x64.ActiveCfg = Release|x64
		{7001A624-65AB-49C2-829B-9CD39FD49AE3}.Release|x64.Build.0 = Release|x64
		{7001A624-65AB-49C2-829B-9CD39FD49AE3}.Release|x86.ActiveCfg = Release|x86
		{7001A624-65AB-49C2-829B-9CD39FD49AE3}.Release|x86.Build.0 = Release|x86
		{7001A624-65AB-49C2-829B-9CD39FD49AE3}.Staging|Any CPU.ActiveCfg = Release|x64
		{7001A624-65AB-49C2-829B-9CD39FD49AE3}.Staging|Any CPU.Build.0 = Release|x64
		{7001A624-65AB-49C2-829B-9CD39FD49AE3}.Staging|x64.ActiveCfg = Staging|x64
		{7001A624-65AB-49C2-829B-9CD39FD49AE3}.Staging|x86.ActiveCfg = Release|x86
		{7001A624-65AB-49C2-829B-9CD39FD49AE3}.Staging|x86.Build.0 = Release|x86
		{EDAA2222-F645-4F91-8877-B7A20006E5A6}.Debug|Any CPU.ActiveCfg = Debug|Any CPU
		{EDAA2222-F645-4F91-8877-B7A20006E5A6}.Debug|Any CPU.Build.0 = Debug|Any CPU
		{EDAA2222-F645-4F91-8877-B7A20006E5A6}.Debug|x64.ActiveCfg = Debug|Any CPU
		{EDAA2222-F645-4F91-8877-B7A20006E5A6}.Debug|x64.Build.0 = Debug|Any CPU
		{EDAA2222-F645-4F91-8877-B7A20006E5A6}.Debug|x86.ActiveCfg = Debug|Any CPU
		{EDAA2222-F645-4F91-8877-B7A20006E5A6}.Debug|x86.Build.0 = Debug|Any CPU
		{EDAA2222-F645-4F91-8877-B7A20006E5A6}.Development|Any CPU.ActiveCfg = Development|Any CPU
		{EDAA2222-F645-4F91-8877-B7A20006E5A6}.Development|Any CPU.Build.0 = Development|Any CPU
		{EDAA2222-F645-4F91-8877-B7A20006E5A6}.Development|x64.ActiveCfg = Development|Any CPU
		{EDAA2222-F645-4F91-8877-B7A20006E5A6}.Development|x64.Build.0 = Development|Any CPU
		{EDAA2222-F645-4F91-8877-B7A20006E5A6}.Development|x86.ActiveCfg = Development|Any CPU
		{EDAA2222-F645-4F91-8877-B7A20006E5A6}.Development|x86.Build.0 = Development|Any CPU
		{EDAA2222-F645-4F91-8877-B7A20006E5A6}.Production|Any CPU.ActiveCfg = Production|Any CPU
		{EDAA2222-F645-4F91-8877-B7A20006E5A6}.Production|Any CPU.Build.0 = Production|Any CPU
		{EDAA2222-F645-4F91-8877-B7A20006E5A6}.Production|x64.ActiveCfg = Production|Any CPU
		{EDAA2222-F645-4F91-8877-B7A20006E5A6}.Production|x64.Build.0 = Production|Any CPU
		{EDAA2222-F645-4F91-8877-B7A20006E5A6}.Production|x86.ActiveCfg = Production|Any CPU
		{EDAA2222-F645-4F91-8877-B7A20006E5A6}.Production|x86.Build.0 = Production|Any CPU
		{EDAA2222-F645-4F91-8877-B7A20006E5A6}.Release|Any CPU.ActiveCfg = Release|Any CPU
		{EDAA2222-F645-4F91-8877-B7A20006E5A6}.Release|Any CPU.Build.0 = Release|Any CPU
		{EDAA2222-F645-4F91-8877-B7A20006E5A6}.Release|x64.ActiveCfg = Release|Any CPU
		{EDAA2222-F645-4F91-8877-B7A20006E5A6}.Release|x64.Build.0 = Release|Any CPU
		{EDAA2222-F645-4F91-8877-B7A20006E5A6}.Release|x86.ActiveCfg = Release|Any CPU
		{EDAA2222-F645-4F91-8877-B7A20006E5A6}.Release|x86.Build.0 = Release|Any CPU
		{EDAA2222-F645-4F91-8877-B7A20006E5A6}.Staging|Any CPU.ActiveCfg = Staging|Any CPU
		{EDAA2222-F645-4F91-8877-B7A20006E5A6}.Staging|Any CPU.Build.0 = Staging|Any CPU
		{EDAA2222-F645-4F91-8877-B7A20006E5A6}.Staging|x64.ActiveCfg = Staging|Any CPU
		{EDAA2222-F645-4F91-8877-B7A20006E5A6}.Staging|x64.Build.0 = Staging|Any CPU
		{EDAA2222-F645-4F91-8877-B7A20006E5A6}.Staging|x86.ActiveCfg = Staging|Any CPU
		{EDAA2222-F645-4F91-8877-B7A20006E5A6}.Staging|x86.Build.0 = Staging|Any CPU
		{5D729F3F-FE3A-44FD-A8D0-9D004ADADA8C}.Debug|Any CPU.ActiveCfg = Debug|Any CPU
		{5D729F3F-FE3A-44FD-A8D0-9D004ADADA8C}.Debug|Any CPU.Build.0 = Debug|Any CPU
		{5D729F3F-FE3A-44FD-A8D0-9D004ADADA8C}.Debug|x64.ActiveCfg = Debug|Any CPU
		{5D729F3F-FE3A-44FD-A8D0-9D004ADADA8C}.Debug|x64.Build.0 = Debug|Any CPU
		{5D729F3F-FE3A-44FD-A8D0-9D004ADADA8C}.Debug|x86.ActiveCfg = Debug|Any CPU
		{5D729F3F-FE3A-44FD-A8D0-9D004ADADA8C}.Debug|x86.Build.0 = Debug|Any CPU
		{5D729F3F-FE3A-44FD-A8D0-9D004ADADA8C}.Development|Any CPU.ActiveCfg = Development|Any CPU
		{5D729F3F-FE3A-44FD-A8D0-9D004ADADA8C}.Development|Any CPU.Build.0 = Development|Any CPU
		{5D729F3F-FE3A-44FD-A8D0-9D004ADADA8C}.Development|x64.ActiveCfg = Development|Any CPU
		{5D729F3F-FE3A-44FD-A8D0-9D004ADADA8C}.Development|x64.Build.0 = Development|Any CPU
		{5D729F3F-FE3A-44FD-A8D0-9D004ADADA8C}.Development|x86.ActiveCfg = Development|Any CPU
		{5D729F3F-FE3A-44FD-A8D0-9D004ADADA8C}.Development|x86.Build.0 = Development|Any CPU
		{5D729F3F-FE3A-44FD-A8D0-9D004ADADA8C}.Production|Any CPU.ActiveCfg = Production|Any CPU
		{5D729F3F-FE3A-44FD-A8D0-9D004ADADA8C}.Production|Any CPU.Build.0 = Production|Any CPU
		{5D729F3F-FE3A-44FD-A8D0-9D004ADADA8C}.Production|x64.ActiveCfg = Production|Any CPU
		{5D729F3F-FE3A-44FD-A8D0-9D004ADADA8C}.Production|x64.Build.0 = Production|Any CPU
		{5D729F3F-FE3A-44FD-A8D0-9D004ADADA8C}.Production|x86.ActiveCfg = Production|Any CPU
		{5D729F3F-FE3A-44FD-A8D0-9D004ADADA8C}.Production|x86.Build.0 = Production|Any CPU
		{5D729F3F-FE3A-44FD-A8D0-9D004ADADA8C}.Release|Any CPU.ActiveCfg = Release|Any CPU
		{5D729F3F-FE3A-44FD-A8D0-9D004ADADA8C}.Release|Any CPU.Build.0 = Release|Any CPU
		{5D729F3F-FE3A-44FD-A8D0-9D004ADADA8C}.Release|x64.ActiveCfg = Release|Any CPU
		{5D729F3F-FE3A-44FD-A8D0-9D004ADADA8C}.Release|x64.Build.0 = Release|Any CPU
		{5D729F3F-FE3A-44FD-A8D0-9D004ADADA8C}.Release|x86.ActiveCfg = Release|Any CPU
		{5D729F3F-FE3A-44FD-A8D0-9D004ADADA8C}.Release|x86.Build.0 = Release|Any CPU
		{5D729F3F-FE3A-44FD-A8D0-9D004ADADA8C}.Staging|Any CPU.ActiveCfg = Staging|Any CPU
		{5D729F3F-FE3A-44FD-A8D0-9D004ADADA8C}.Staging|Any CPU.Build.0 = Staging|Any CPU
		{5D729F3F-FE3A-44FD-A8D0-9D004ADADA8C}.Staging|x64.ActiveCfg = Staging|Any CPU
		{5D729F3F-FE3A-44FD-A8D0-9D004ADADA8C}.Staging|x64.Build.0 = Staging|Any CPU
		{5D729F3F-FE3A-44FD-A8D0-9D004ADADA8C}.Staging|x86.ActiveCfg = Staging|Any CPU
		{5D729F3F-FE3A-44FD-A8D0-9D004ADADA8C}.Staging|x86.Build.0 = Staging|Any CPU
		{BB0BE951-0CE4-4C5B-9FA2-1FC821E63C97}.Debug|Any CPU.ActiveCfg = Debug|Any CPU
		{BB0BE951-0CE4-4C5B-9FA2-1FC821E63C97}.Debug|Any CPU.Build.0 = Debug|Any CPU
		{BB0BE951-0CE4-4C5B-9FA2-1FC821E63C97}.Debug|x64.ActiveCfg = Debug|Any CPU
		{BB0BE951-0CE4-4C5B-9FA2-1FC821E63C97}.Debug|x64.Build.0 = Debug|Any CPU
		{BB0BE951-0CE4-4C5B-9FA2-1FC821E63C97}.Debug|x86.ActiveCfg = Debug|Any CPU
		{BB0BE951-0CE4-4C5B-9FA2-1FC821E63C97}.Debug|x86.Build.0 = Debug|Any CPU
		{BB0BE951-0CE4-4C5B-9FA2-1FC821E63C97}.Development|Any CPU.ActiveCfg = Development|Any CPU
		{BB0BE951-0CE4-4C5B-9FA2-1FC821E63C97}.Development|Any CPU.Build.0 = Development|Any CPU
		{BB0BE951-0CE4-4C5B-9FA2-1FC821E63C97}.Development|x64.ActiveCfg = Development|Any CPU
		{BB0BE951-0CE4-4C5B-9FA2-1FC821E63C97}.Development|x64.Build.0 = Development|Any CPU
		{BB0BE951-0CE4-4C5B-9FA2-1FC821E63C97}.Development|x86.ActiveCfg = Development|Any CPU
		{BB0BE951-0CE4-4C5B-9FA2-1FC821E63C97}.Development|x86.Build.0 = Development|Any CPU
		{BB0BE951-0CE4-4C5B-9FA2-1FC821E63C97}.Production|Any CPU.ActiveCfg = Production|Any CPU
		{BB0BE951-0CE4-4C5B-9FA2-1FC821E63C97}.Production|Any CPU.Build.0 = Production|Any CPU
		{BB0BE951-0CE4-4C5B-9FA2-1FC821E63C97}.Production|x64.ActiveCfg = Production|Any CPU
		{BB0BE951-0CE4-4C5B-9FA2-1FC821E63C97}.Production|x64.Build.0 = Production|Any CPU
		{BB0BE951-0CE4-4C5B-9FA2-1FC821E63C97}.Production|x86.ActiveCfg = Production|Any CPU
		{BB0BE951-0CE4-4C5B-9FA2-1FC821E63C97}.Production|x86.Build.0 = Production|Any CPU
		{BB0BE951-0CE4-4C5B-9FA2-1FC821E63C97}.Release|Any CPU.ActiveCfg = Release|Any CPU
		{BB0BE951-0CE4-4C5B-9FA2-1FC821E63C97}.Release|Any CPU.Build.0 = Release|Any CPU
		{BB0BE951-0CE4-4C5B-9FA2-1FC821E63C97}.Release|x64.ActiveCfg = Release|Any CPU
		{BB0BE951-0CE4-4C5B-9FA2-1FC821E63C97}.Release|x64.Build.0 = Release|Any CPU
		{BB0BE951-0CE4-4C5B-9FA2-1FC821E63C97}.Release|x86.ActiveCfg = Release|Any CPU
		{BB0BE951-0CE4-4C5B-9FA2-1FC821E63C97}.Release|x86.Build.0 = Release|Any CPU
		{BB0BE951-0CE4-4C5B-9FA2-1FC821E63C97}.Staging|Any CPU.ActiveCfg = Staging|Any CPU
		{BB0BE951-0CE4-4C5B-9FA2-1FC821E63C97}.Staging|Any CPU.Build.0 = Staging|Any CPU
		{BB0BE951-0CE4-4C5B-9FA2-1FC821E63C97}.Staging|x64.ActiveCfg = Staging|Any CPU
		{BB0BE951-0CE4-4C5B-9FA2-1FC821E63C97}.Staging|x64.Build.0 = Staging|Any CPU
		{BB0BE951-0CE4-4C5B-9FA2-1FC821E63C97}.Staging|x86.ActiveCfg = Staging|Any CPU
		{BB0BE951-0CE4-4C5B-9FA2-1FC821E63C97}.Staging|x86.Build.0 = Staging|Any CPU
		{63A8F662-F491-4917-848A-FB1E614E54D2}.Debug|Any CPU.ActiveCfg = Debug|Any CPU
		{63A8F662-F491-4917-848A-FB1E614E54D2}.Debug|Any CPU.Build.0 = Debug|Any CPU
		{63A8F662-F491-4917-848A-FB1E614E54D2}.Debug|x64.ActiveCfg = Debug|Any CPU
		{63A8F662-F491-4917-848A-FB1E614E54D2}.Debug|x64.Build.0 = Debug|Any CPU
		{63A8F662-F491-4917-848A-FB1E614E54D2}.Debug|x86.ActiveCfg = Debug|Any CPU
		{63A8F662-F491-4917-848A-FB1E614E54D2}.Debug|x86.Build.0 = Debug|Any CPU
		{63A8F662-F491-4917-848A-FB1E614E54D2}.Development|Any CPU.ActiveCfg = Debug|Any CPU
		{63A8F662-F491-4917-848A-FB1E614E54D2}.Development|Any CPU.Build.0 = Debug|Any CPU
		{63A8F662-F491-4917-848A-FB1E614E54D2}.Development|x64.ActiveCfg = Debug|Any CPU
		{63A8F662-F491-4917-848A-FB1E614E54D2}.Development|x64.Build.0 = Debug|Any CPU
		{63A8F662-F491-4917-848A-FB1E614E54D2}.Development|x86.ActiveCfg = Debug|Any CPU
		{63A8F662-F491-4917-848A-FB1E614E54D2}.Development|x86.Build.0 = Debug|Any CPU
		{63A8F662-F491-4917-848A-FB1E614E54D2}.Production|Any CPU.ActiveCfg = Debug|Any CPU
		{63A8F662-F491-4917-848A-FB1E614E54D2}.Production|Any CPU.Build.0 = Debug|Any CPU
		{63A8F662-F491-4917-848A-FB1E614E54D2}.Production|x64.ActiveCfg = Debug|Any CPU
		{63A8F662-F491-4917-848A-FB1E614E54D2}.Production|x64.Build.0 = Debug|Any CPU
		{63A8F662-F491-4917-848A-FB1E614E54D2}.Production|x86.ActiveCfg = Debug|Any CPU
		{63A8F662-F491-4917-848A-FB1E614E54D2}.Production|x86.Build.0 = Debug|Any CPU
		{63A8F662-F491-4917-848A-FB1E614E54D2}.Release|Any CPU.ActiveCfg = Release|Any CPU
		{63A8F662-F491-4917-848A-FB1E614E54D2}.Release|Any CPU.Build.0 = Release|Any CPU
		{63A8F662-F491-4917-848A-FB1E614E54D2}.Release|x64.ActiveCfg = Release|Any CPU
		{63A8F662-F491-4917-848A-FB1E614E54D2}.Release|x64.Build.0 = Release|Any CPU
		{63A8F662-F491-4917-848A-FB1E614E54D2}.Release|x86.ActiveCfg = Release|Any CPU
		{63A8F662-F491-4917-848A-FB1E614E54D2}.Release|x86.Build.0 = Release|Any CPU
		{63A8F662-F491-4917-848A-FB1E614E54D2}.Staging|Any CPU.ActiveCfg = Debug|Any CPU
		{63A8F662-F491-4917-848A-FB1E614E54D2}.Staging|Any CPU.Build.0 = Debug|Any CPU
		{63A8F662-F491-4917-848A-FB1E614E54D2}.Staging|x64.ActiveCfg = Debug|Any CPU
		{63A8F662-F491-4917-848A-FB1E614E54D2}.Staging|x64.Build.0 = Debug|Any CPU
		{63A8F662-F491-4917-848A-FB1E614E54D2}.Staging|x86.ActiveCfg = Debug|Any CPU
		{63A8F662-F491-4917-848A-FB1E614E54D2}.Staging|x86.Build.0 = Debug|Any CPU
		{2231A0CA-C945-452C-B1A3-A72CBD43F1FA}.Debug|Any CPU.ActiveCfg = Debug|Any CPU
		{2231A0CA-C945-452C-B1A3-A72CBD43F1FA}.Debug|Any CPU.Build.0 = Debug|Any CPU
		{2231A0CA-C945-452C-B1A3-A72CBD43F1FA}.Debug|x64.ActiveCfg = Debug|Any CPU
		{2231A0CA-C945-452C-B1A3-A72CBD43F1FA}.Debug|x64.Build.0 = Debug|Any CPU
		{2231A0CA-C945-452C-B1A3-A72CBD43F1FA}.Debug|x86.ActiveCfg = Debug|Any CPU
		{2231A0CA-C945-452C-B1A3-A72CBD43F1FA}.Debug|x86.Build.0 = Debug|Any CPU
		{2231A0CA-C945-452C-B1A3-A72CBD43F1FA}.Development|Any CPU.ActiveCfg = Development|Any CPU
		{2231A0CA-C945-452C-B1A3-A72CBD43F1FA}.Development|Any CPU.Build.0 = Development|Any CPU
		{2231A0CA-C945-452C-B1A3-A72CBD43F1FA}.Development|x64.ActiveCfg = Development|Any CPU
		{2231A0CA-C945-452C-B1A3-A72CBD43F1FA}.Development|x64.Build.0 = Development|Any CPU
		{2231A0CA-C945-452C-B1A3-A72CBD43F1FA}.Development|x86.ActiveCfg = Development|Any CPU
		{2231A0CA-C945-452C-B1A3-A72CBD43F1FA}.Development|x86.Build.0 = Development|Any CPU
		{2231A0CA-C945-452C-B1A3-A72CBD43F1FA}.Production|Any CPU.ActiveCfg = Production|Any CPU
		{2231A0CA-C945-452C-B1A3-A72CBD43F1FA}.Production|Any CPU.Build.0 = Production|Any CPU
		{2231A0CA-C945-452C-B1A3-A72CBD43F1FA}.Production|x64.ActiveCfg = Production|Any CPU
		{2231A0CA-C945-452C-B1A3-A72CBD43F1FA}.Production|x64.Build.0 = Production|Any CPU
		{2231A0CA-C945-452C-B1A3-A72CBD43F1FA}.Production|x86.ActiveCfg = Production|Any CPU
		{2231A0CA-C945-452C-B1A3-A72CBD43F1FA}.Production|x86.Build.0 = Production|Any CPU
		{2231A0CA-C945-452C-B1A3-A72CBD43F1FA}.Release|Any CPU.ActiveCfg = Release|Any CPU
		{2231A0CA-C945-452C-B1A3-A72CBD43F1FA}.Release|Any CPU.Build.0 = Release|Any CPU
		{2231A0CA-C945-452C-B1A3-A72CBD43F1FA}.Release|x64.ActiveCfg = Release|Any CPU
		{2231A0CA-C945-452C-B1A3-A72CBD43F1FA}.Release|x64.Build.0 = Release|Any CPU
		{2231A0CA-C945-452C-B1A3-A72CBD43F1FA}.Release|x86.ActiveCfg = Release|Any CPU
		{2231A0CA-C945-452C-B1A3-A72CBD43F1FA}.Release|x86.Build.0 = Release|Any CPU
		{2231A0CA-C945-452C-B1A3-A72CBD43F1FA}.Staging|Any CPU.ActiveCfg = Staging|Any CPU
		{2231A0CA-C945-452C-B1A3-A72CBD43F1FA}.Staging|Any CPU.Build.0 = Staging|Any CPU
		{2231A0CA-C945-452C-B1A3-A72CBD43F1FA}.Staging|x64.ActiveCfg = Staging|Any CPU
		{2231A0CA-C945-452C-B1A3-A72CBD43F1FA}.Staging|x64.Build.0 = Staging|Any CPU
		{2231A0CA-C945-452C-B1A3-A72CBD43F1FA}.Staging|x86.ActiveCfg = Staging|Any CPU
		{2231A0CA-C945-452C-B1A3-A72CBD43F1FA}.Staging|x86.Build.0 = Staging|Any CPU
	EndGlobalSection
	GlobalSection(SolutionProperties) = preSolution
		HideSolutionNode = FALSE
	EndGlobalSection
	GlobalSection(NestedProjects) = preSolution
		{97E0C1C8-66F8-443A-B15A-5D398505D982} = {B6B5556C-CB1C-43CC-B0B3-A79E3BA0D002}
		{343EC8DA-4247-4DE3-B68A-6A069D74A105} = {3BFBE246-3A29-4AFC-B1A0-E8816B3DF3C6}
		{A2E8832F-0089-4F11-B3CB-5E8A78090671} = {BCE6D20C-C7F1-4C16-85D9-575B32E1E057}
		{86414956-326E-495D-8F41-CC035185B926} = {B6B5556C-CB1C-43CC-B0B3-A79E3BA0D002}
		{7001A624-65AB-49C2-829B-9CD39FD49AE3} = {B6B5556C-CB1C-43CC-B0B3-A79E3BA0D002}
		{3BFBE246-3A29-4AFC-B1A0-E8816B3DF3C6} = {030AF099-AC36-49BB-82DF-1E8DAB73A814}
		{BCE6D20C-C7F1-4C16-85D9-575B32E1E057} = {030AF099-AC36-49BB-82DF-1E8DAB73A814}
		{88A5A718-78B1-4B19-AEEF-0C5B3A8C1F01} = {030AF099-AC36-49BB-82DF-1E8DAB73A814}
		{449D79E9-C539-499C-9D2D-4B3DDB0D473A} = {030AF099-AC36-49BB-82DF-1E8DAB73A814}
		{B6B5556C-CB1C-43CC-B0B3-A79E3BA0D002} = {030AF099-AC36-49BB-82DF-1E8DAB73A814}
		{EDAA2222-F645-4F91-8877-B7A20006E5A6} = {BCE6D20C-C7F1-4C16-85D9-575B32E1E057}
		{5D729F3F-FE3A-44FD-A8D0-9D004ADADA8C} = {88A5A718-78B1-4B19-AEEF-0C5B3A8C1F01}
		{BB0BE951-0CE4-4C5B-9FA2-1FC821E63C97} = {449D79E9-C539-499C-9D2D-4B3DDB0D473A}
		{63A8F662-F491-4917-848A-FB1E614E54D2} = {449D79E9-C539-499C-9D2D-4B3DDB0D473A}
		{2231A0CA-C945-452C-B1A3-A72CBD43F1FA} = {88A5A718-78B1-4B19-AEEF-0C5B3A8C1F01}
	EndGlobalSection
	GlobalSection(ExtensibilityGlobals) = postSolution
		SolutionGuid = {11CA3875-13F1-4D4C-AA00-6946173B39C5}
	EndGlobalSection
EndGlobal
