
Microsoft Visual Studio Solution File, Format Version 12.00
# Visual Studio Version 16
VisualStudioVersion = 16.0.31515.178
MinimumVisualStudioVersion = 10.0.40219.1
Project("{9A19103F-16F7-4668-BE54-9A1E7A4F7556}") = "Net5.Cli", "Net5.Cli\Net5.Cli.csproj", "{97E0C1C8-66F8-443A-B15A-5D398505D982}"
EndProject
Project("{9A19103F-16F7-4668-BE54-9A1E7A4F7556}") = "Net5.Web.Api", "Net5.Web.Api\Net5.Web.Api.csproj", "{343EC8DA-4247-4DE3-B68A-6A069D74A105}"
EndProject
Project("{9A19103F-16F7-4668-BE54-9A1E7A4F7556}") = "Net5.ApplicationServices", "Net5.ApplicationServices\Net5.ApplicationServices.csproj", "{A2E8832F-0089-4F11-B3CB-5E8A78090671}"
EndProject
Project("{9A19103F-16F7-4668-BE54-9A1E7A4F7556}") = "Net5.Data.Sandbox.Entities", "Net5.Data.Entities\Net5.Data.Sandbox.Entities.csproj", "{8E708113-DAAC-4C16-A49A-355B315CFFD3}"
EndProject
Project("{9A19103F-16F7-4668-BE54-9A1E7A4F7556}") = "Net5.Win", "Net5.Win\Net5.Win.csproj", "{86414956-326E-495D-8F41-CC035185B926}"
EndProject
Project("{9A19103F-16F7-4668-BE54-9A1E7A4F7556}") = "Net5.Common", "Net5.Common\Net5.Common.csproj", "{B740EA69-8681-45D1-AC17-3F5E82A076C5}"
EndProject
Project("{9A19103F-16F7-4668-BE54-9A1E7A4F7556}") = "Net5.DependencyInjection", "Net5.DependencyInjection\Net5.DependencyInjection.csproj", "{06081E3A-8FB8-41CE-BF31-A32D69B16EC7}"
EndProject
Project("{930C7802-8A8C-48F9-8165-68863BCCD9DD}") = "Net5.Win.Installer", "Net5.Win.Installer\Net5.Win.Installer.wixproj", "{7001A624-65AB-49C2-829B-9CD39FD49AE3}"
EndProject
Global
	GlobalSection(SolutionConfigurationPlatforms) = preSolution
		Debug|Any CPU = Debug|Any CPU
		Debug|x64 = Debug|x64
		Debug|x86 = Debug|x86
		Development|Any CPU = Development|Any CPU
		Development|x64 = Development|x64
		Development|x86 = Development|x86
		Production|Any CPU = Production|Any CPU
		Production|x64 = Production|x64
		Production|x86 = Production|x86
		Release|Any CPU = Release|Any CPU
		Release|x64 = Release|x64
		Release|x86 = Release|x86
		Staging|Any CPU = Staging|Any CPU
		Staging|x64 = Staging|x64
		Staging|x86 = Staging|x86
	EndGlobalSection
	GlobalSection(ProjectConfigurationPlatforms) = postSolution
		{97E0C1C8-66F8-443A-B15A-5D398505D982}.Debug|Any CPU.ActiveCfg = Debug|Any CPU
		{97E0C1C8-66F8-443A-B15A-5D398505D982}.Debug|Any CPU.Build.0 = Debug|Any CPU
		{97E0C1C8-66F8-443A-B15A-5D398505D982}.Debug|x64.ActiveCfg = Debug|Any CPU
		{97E0C1C8-66F8-443A-B15A-5D398505D982}.Debug|x64.Build.0 = Debug|Any CPU
		{97E0C1C8-66F8-443A-B15A-5D398505D982}.Debug|x86.ActiveCfg = Debug|Any CPU
		{97E0C1C8-66F8-443A-B15A-5D398505D982}.Debug|x86.Build.0 = Debug|Any CPU
		{97E0C1C8-66F8-443A-B15A-5D398505D982}.Development|Any CPU.ActiveCfg = Development|Any CPU
		{97E0C1C8-66F8-443A-B15A-5D398505D982}.Development|Any CPU.Build.0 = Development|Any CPU
		{97E0C1C8-66F8-443A-B15A-5D398505D982}.Development|x64.ActiveCfg = Development|Any CPU
		{97E0C1C8-66F8-443A-B15A-5D398505D982}.Development|x64.Build.0 = Development|Any CPU
		{97E0C1C8-66F8-443A-B15A-5D398505D982}.Development|x86.ActiveCfg = Development|Any CPU
		{97E0C1C8-66F8-443A-B15A-5D398505D982}.Development|x86.Build.0 = Development|Any CPU
		{97E0C1C8-66F8-443A-B15A-5D398505D982}.Production|Any CPU.ActiveCfg = Production|Any CPU
		{97E0C1C8-66F8-443A-B15A-5D398505D982}.Production|Any CPU.Build.0 = Production|Any CPU
		{97E0C1C8-66F8-443A-B15A-5D398505D982}.Production|x64.ActiveCfg = Production|Any CPU
		{97E0C1C8-66F8-443A-B15A-5D398505D982}.Production|x64.Build.0 = Production|Any CPU
		{97E0C1C8-66F8-443A-B15A-5D398505D982}.Production|x86.ActiveCfg = Production|Any CPU
		{97E0C1C8-66F8-443A-B15A-5D398505D982}.Production|x86.Build.0 = Production|Any CPU
		{97E0C1C8-66F8-443A-B15A-5D398505D982}.Release|Any CPU.ActiveCfg = Release|Any CPU
		{97E0C1C8-66F8-443A-B15A-5D398505D982}.Release|Any CPU.Build.0 = Release|Any CPU
		{97E0C1C8-66F8-443A-B15A-5D398505D982}.Release|x64.ActiveCfg = Release|Any CPU
		{97E0C1C8-66F8-443A-B15A-5D398505D982}.Release|x64.Build.0 = Release|Any CPU
		{97E0C1C8-66F8-443A-B15A-5D398505D982}.Release|x86.ActiveCfg = Release|Any CPU
		{97E0C1C8-66F8-443A-B15A-5D398505D982}.Release|x86.Build.0 = Release|Any CPU
		{97E0C1C8-66F8-443A-B15A-5D398505D982}.Staging|Any CPU.ActiveCfg = Staging|Any CPU
		{97E0C1C8-66F8-443A-B15A-5D398505D982}.Staging|Any CPU.Build.0 = Staging|Any CPU
		{97E0C1C8-66F8-443A-B15A-5D398505D982}.Staging|x64.ActiveCfg = Staging|Any CPU
		{97E0C1C8-66F8-443A-B15A-5D398505D982}.Staging|x64.Build.0 = Staging|Any CPU
		{97E0C1C8-66F8-443A-B15A-5D398505D982}.Staging|x86.ActiveCfg = Staging|Any CPU
		{97E0C1C8-66F8-443A-B15A-5D398505D982}.Staging|x86.Build.0 = Staging|Any CPU
		{343EC8DA-4247-4DE3-B68A-6A069D74A105}.Debug|Any CPU.ActiveCfg = Debug|Any CPU
		{343EC8DA-4247-4DE3-B68A-6A069D74A105}.Debug|Any CPU.Build.0 = Debug|Any CPU
		{343EC8DA-4247-4DE3-B68A-6A069D74A105}.Debug|x64.ActiveCfg = Debug|Any CPU
		{343EC8DA-4247-4DE3-B68A-6A069D74A105}.Debug|x64.Build.0 = Debug|Any CPU
		{343EC8DA-4247-4DE3-B68A-6A069D74A105}.Debug|x86.ActiveCfg = Debug|Any CPU
		{343EC8DA-4247-4DE3-B68A-6A069D74A105}.Debug|x86.Build.0 = Debug|Any CPU
		{343EC8DA-4247-4DE3-B68A-6A069D74A105}.Development|Any CPU.ActiveCfg = Development|Any CPU
		{343EC8DA-4247-4DE3-B68A-6A069D74A105}.Development|Any CPU.Build.0 = Development|Any CPU
		{343EC8DA-4247-4DE3-B68A-6A069D74A105}.Development|x64.ActiveCfg = Development|Any CPU
		{343EC8DA-4247-4DE3-B68A-6A069D74A105}.Development|x64.Build.0 = Development|Any CPU
		{343EC8DA-4247-4DE3-B68A-6A069D74A105}.Development|x86.ActiveCfg = Development|Any CPU
		{343EC8DA-4247-4DE3-B68A-6A069D74A105}.Development|x86.Build.0 = Development|Any CPU
		{343EC8DA-4247-4DE3-B68A-6A069D74A105}.Production|Any CPU.ActiveCfg = Production|Any CPU
		{343EC8DA-4247-4DE3-B68A-6A069D74A105}.Production|Any CPU.Build.0 = Production|Any CPU
		{343EC8DA-4247-4DE3-B68A-6A069D74A105}.Production|x64.ActiveCfg = Production|Any CPU
		{343EC8DA-4247-4DE3-B68A-6A069D74A105}.Production|x64.Build.0 = Production|Any CPU
		{343EC8DA-4247-4DE3-B68A-6A069D74A105}.Production|x86.ActiveCfg = Production|Any CPU
		{343EC8DA-4247-4DE3-B68A-6A069D74A105}.Production|x86.Build.0 = Production|Any CPU
		{343EC8DA-4247-4DE3-B68A-6A069D74A105}.Release|Any CPU.ActiveCfg = Release|Any CPU
		{343EC8DA-4247-4DE3-B68A-6A069D74A105}.Release|Any CPU.Build.0 = Release|Any CPU
		{343EC8DA-4247-4DE3-B68A-6A069D74A105}.Release|x64.ActiveCfg = Release|Any CPU
		{343EC8DA-4247-4DE3-B68A-6A069D74A105}.Release|x64.Build.0 = Release|Any CPU
		{343EC8DA-4247-4DE3-B68A-6A069D74A105}.Release|x86.ActiveCfg = Release|Any CPU
		{343EC8DA-4247-4DE3-B68A-6A069D74A105}.Release|x86.Build.0 = Release|Any CPU
		{343EC8DA-4247-4DE3-B68A-6A069D74A105}.Staging|Any CPU.ActiveCfg = Staging|Any CPU
		{343EC8DA-4247-4DE3-B68A-6A069D74A105}.Staging|Any CPU.Build.0 = Staging|Any CPU
		{343EC8DA-4247-4DE3-B68A-6A069D74A105}.Staging|x64.ActiveCfg = Staging|Any CPU
		{343EC8DA-4247-4DE3-B68A-6A069D74A105}.Staging|x64.Build.0 = Staging|Any CPU
		{343EC8DA-4247-4DE3-B68A-6A069D74A105}.Staging|x86.ActiveCfg = Staging|Any CPU
		{343EC8DA-4247-4DE3-B68A-6A069D74A105}.Staging|x86.Build.0 = Staging|Any CPU
		{A2E8832F-0089-4F11-B3CB-5E8A78090671}.Debug|Any CPU.ActiveCfg = Debug|Any CPU
		{A2E8832F-0089-4F11-B3CB-5E8A78090671}.Debug|Any CPU.Build.0 = Debug|Any CPU
		{A2E8832F-0089-4F11-B3CB-5E8A78090671}.Debug|x64.ActiveCfg = Debug|Any CPU
		{A2E8832F-0089-4F11-B3CB-5E8A78090671}.Debug|x64.Build.0 = Debug|Any CPU
		{A2E8832F-0089-4F11-B3CB-5E8A78090671}.Debug|x86.ActiveCfg = Debug|Any CPU
		{A2E8832F-0089-4F11-B3CB-5E8A78090671}.Debug|x86.Build.0 = Debug|Any CPU
		{A2E8832F-0089-4F11-B3CB-5E8A78090671}.Development|Any CPU.ActiveCfg = Development|Any CPU
		{A2E8832F-0089-4F11-B3CB-5E8A78090671}.Development|Any CPU.Build.0 = Development|Any CPU
		{A2E8832F-0089-4F11-B3CB-5E8A78090671}.Development|x64.ActiveCfg = Development|Any CPU
		{A2E8832F-0089-4F11-B3CB-5E8A78090671}.Development|x64.Build.0 = Development|Any CPU
		{A2E8832F-0089-4F11-B3CB-5E8A78090671}.Development|x86.ActiveCfg = Development|Any CPU
		{A2E8832F-0089-4F11-B3CB-5E8A78090671}.Development|x86.Build.0 = Development|Any CPU
		{A2E8832F-0089-4F11-B3CB-5E8A78090671}.Production|Any CPU.ActiveCfg = Production|Any CPU
		{A2E8832F-0089-4F11-B3CB-5E8A78090671}.Production|Any CPU.Build.0 = Production|Any CPU
		{A2E8832F-0089-4F11-B3CB-5E8A78090671}.Production|x64.ActiveCfg = Production|Any CPU
		{A2E8832F-0089-4F11-B3CB-5E8A78090671}.Production|x64.Build.0 = Production|Any CPU
		{A2E8832F-0089-4F11-B3CB-5E8A78090671}.Production|x86.ActiveCfg = Production|Any CPU
		{A2E8832F-0089-4F11-B3CB-5E8A78090671}.Production|x86.Build.0 = Production|Any CPU
		{A2E8832F-0089-4F11-B3CB-5E8A78090671}.Release|Any CPU.ActiveCfg = Release|Any CPU
		{A2E8832F-0089-4F11-B3CB-5E8A78090671}.Release|Any CPU.Build.0 = Release|Any CPU
		{A2E8832F-0089-4F11-B3CB-5E8A78090671}.Release|x64.ActiveCfg = Release|Any CPU
		{A2E8832F-0089-4F11-B3CB-5E8A78090671}.Release|x64.Build.0 = Release|Any CPU
		{A2E8832F-0089-4F11-B3CB-5E8A78090671}.Release|x86.ActiveCfg = Release|Any CPU
		{A2E8832F-0089-4F11-B3CB-5E8A78090671}.Release|x86.Build.0 = Release|Any CPU
		{A2E8832F-0089-4F11-B3CB-5E8A78090671}.Staging|Any CPU.ActiveCfg = Staging|Any CPU
		{A2E8832F-0089-4F11-B3CB-5E8A78090671}.Staging|Any CPU.Build.0 = Staging|Any CPU
		{A2E8832F-0089-4F11-B3CB-5E8A78090671}.Staging|x64.ActiveCfg = Staging|Any CPU
		{A2E8832F-0089-4F11-B3CB-5E8A78090671}.Staging|x64.Build.0 = Staging|Any CPU
		{A2E8832F-0089-4F11-B3CB-5E8A78090671}.Staging|x86.ActiveCfg = Staging|Any CPU
		{A2E8832F-0089-4F11-B3CB-5E8A78090671}.Staging|x86.Build.0 = Staging|Any CPU
		{8E708113-DAAC-4C16-A49A-355B315CFFD3}.Debug|Any CPU.ActiveCfg = Debug|Any CPU
		{8E708113-DAAC-4C16-A49A-355B315CFFD3}.Debug|Any CPU.Build.0 = Debug|Any CPU
		{8E708113-DAAC-4C16-A49A-355B315CFFD3}.Debug|x64.ActiveCfg = Debug|Any CPU
		{8E708113-DAAC-4C16-A49A-355B315CFFD3}.Debug|x64.Build.0 = Debug|Any CPU
		{8E708113-DAAC-4C16-A49A-355B315CFFD3}.Debug|x86.ActiveCfg = Debug|Any CPU
		{8E708113-DAAC-4C16-A49A-355B315CFFD3}.Debug|x86.Build.0 = Debug|Any CPU
		{8E708113-DAAC-4C16-A49A-355B315CFFD3}.Development|Any CPU.ActiveCfg = Development|Any CPU
		{8E708113-DAAC-4C16-A49A-355B315CFFD3}.Development|Any CPU.Build.0 = Development|Any CPU
		{8E708113-DAAC-4C16-A49A-355B315CFFD3}.Development|x64.ActiveCfg = Development|Any CPU
		{8E708113-DAAC-4C16-A49A-355B315CFFD3}.Development|x64.Build.0 = Development|Any CPU
		{8E708113-DAAC-4C16-A49A-355B315CFFD3}.Development|x86.ActiveCfg = Development|Any CPU
		{8E708113-DAAC-4C16-A49A-355B315CFFD3}.Development|x86.Build.0 = Development|Any CPU
		{8E708113-DAAC-4C16-A49A-355B315CFFD3}.Production|Any CPU.ActiveCfg = Production|Any CPU
		{8E708113-DAAC-4C16-A49A-355B315CFFD3}.Production|Any CPU.Build.0 = Production|Any CPU
		{8E708113-DAAC-4C16-A49A-355B315CFFD3}.Production|x64.ActiveCfg = Production|Any CPU
		{8E708113-DAAC-4C16-A49A-355B315CFFD3}.Production|x64.Build.0 = Production|Any CPU
		{8E708113-DAAC-4C16-A49A-355B315CFFD3}.Production|x86.ActiveCfg = Production|Any CPU
		{8E708113-DAAC-4C16-A49A-355B315CFFD3}.Production|x86.Build.0 = Production|Any CPU
		{8E708113-DAAC-4C16-A49A-355B315CFFD3}.Release|Any CPU.ActiveCfg = Release|Any CPU
		{8E708113-DAAC-4C16-A49A-355B315CFFD3}.Release|Any CPU.Build.0 = Release|Any CPU
		{8E708113-DAAC-4C16-A49A-355B315CFFD3}.Release|x64.ActiveCfg = Release|Any CPU
		{8E708113-DAAC-4C16-A49A-355B315CFFD3}.Release|x64.Build.0 = Release|Any CPU
		{8E708113-DAAC-4C16-A49A-355B315CFFD3}.Release|x86.ActiveCfg = Release|Any CPU
		{8E708113-DAAC-4C16-A49A-355B315CFFD3}.Release|x86.Build.0 = Release|Any CPU
		{8E708113-DAAC-4C16-A49A-355B315CFFD3}.Staging|Any CPU.ActiveCfg = Staging|Any CPU
		{8E708113-DAAC-4C16-A49A-355B315CFFD3}.Staging|Any CPU.Build.0 = Staging|Any CPU
		{8E708113-DAAC-4C16-A49A-355B315CFFD3}.Staging|x64.ActiveCfg = Staging|Any CPU
		{8E708113-DAAC-4C16-A49A-355B315CFFD3}.Staging|x64.Build.0 = Staging|Any CPU
		{8E708113-DAAC-4C16-A49A-355B315CFFD3}.Staging|x86.ActiveCfg = Staging|Any CPU
		{8E708113-DAAC-4C16-A49A-355B315CFFD3}.Staging|x86.Build.0 = Staging|Any CPU
		{86414956-326E-495D-8F41-CC035185B926}.Debug|Any CPU.ActiveCfg = Debug|Any CPU
		{86414956-326E-495D-8F41-CC035185B926}.Debug|Any CPU.Build.0 = Debug|Any CPU
		{86414956-326E-495D-8F41-CC035185B926}.Debug|x64.ActiveCfg = Debug|Any CPU
		{86414956-326E-495D-8F41-CC035185B926}.Debug|x64.Build.0 = Debug|Any CPU
		{86414956-326E-495D-8F41-CC035185B926}.Debug|x86.ActiveCfg = Debug|Any CPU
		{86414956-326E-495D-8F41-CC035185B926}.Debug|x86.Build.0 = Debug|Any CPU
		{86414956-326E-495D-8F41-CC035185B926}.Development|Any CPU.ActiveCfg = Development|Any CPU
		{86414956-326E-495D-8F41-CC035185B926}.Development|Any CPU.Build.0 = Development|Any CPU
		{86414956-326E-495D-8F41-CC035185B926}.Development|x64.ActiveCfg = Development|Any CPU
		{86414956-326E-495D-8F41-CC035185B926}.Development|x64.Build.0 = Development|Any CPU
		{86414956-326E-495D-8F41-CC035185B926}.Development|x86.ActiveCfg = Development|Any CPU
		{86414956-326E-495D-8F41-CC035185B926}.Development|x86.Build.0 = Development|Any CPU
		{86414956-326E-495D-8F41-CC035185B926}.Production|Any CPU.ActiveCfg = Production|Any CPU
		{86414956-326E-495D-8F41-CC035185B926}.Production|Any CPU.Build.0 = Production|Any CPU
		{86414956-326E-495D-8F41-CC035185B926}.Production|x64.ActiveCfg = Production|Any CPU
		{86414956-326E-495D-8F41-CC035185B926}.Production|x64.Build.0 = Production|Any CPU
		{86414956-326E-495D-8F41-CC035185B926}.Production|x86.ActiveCfg = Production|Any CPU
		{86414956-326E-495D-8F41-CC035185B926}.Production|x86.Build.0 = Production|Any CPU
		{86414956-326E-495D-8F41-CC035185B926}.Release|Any CPU.ActiveCfg = Release|Any CPU
		{86414956-326E-495D-8F41-CC035185B926}.Release|Any CPU.Build.0 = Release|Any CPU
		{86414956-326E-495D-8F41-CC035185B926}.Release|x64.ActiveCfg = Release|Any CPU
		{86414956-326E-495D-8F41-CC035185B926}.Release|x64.Build.0 = Release|Any CPU
		{86414956-326E-495D-8F41-CC035185B926}.Release|x86.ActiveCfg = Release|Any CPU
		{86414956-326E-495D-8F41-CC035185B926}.Release|x86.Build.0 = Release|Any CPU
		{86414956-326E-495D-8F41-CC035185B926}.Staging|Any CPU.ActiveCfg = Staging|Any CPU
		{86414956-326E-495D-8F41-CC035185B926}.Staging|Any CPU.Build.0 = Staging|Any CPU
		{86414956-326E-495D-8F41-CC035185B926}.Staging|x64.ActiveCfg = Staging|Any CPU
		{86414956-326E-495D-8F41-CC035185B926}.Staging|x64.Build.0 = Staging|Any CPU
		{86414956-326E-495D-8F41-CC035185B926}.Staging|x86.ActiveCfg = Staging|Any CPU
		{86414956-326E-495D-8F41-CC035185B926}.Staging|x86.Build.0 = Staging|Any CPU
		{B740EA69-8681-45D1-AC17-3F5E82A076C5}.Debug|Any CPU.ActiveCfg = Debug|Any CPU
		{B740EA69-8681-45D1-AC17-3F5E82A076C5}.Debug|Any CPU.Build.0 = Debug|Any CPU
		{B740EA69-8681-45D1-AC17-3F5E82A076C5}.Debug|x64.ActiveCfg = Debug|Any CPU
		{B740EA69-8681-45D1-AC17-3F5E82A076C5}.Debug|x64.Build.0 = Debug|Any CPU
		{B740EA69-8681-45D1-AC17-3F5E82A076C5}.Debug|x86.ActiveCfg = Debug|Any CPU
		{B740EA69-8681-45D1-AC17-3F5E82A076C5}.Debug|x86.Build.0 = Debug|Any CPU
		{B740EA69-8681-45D1-AC17-3F5E82A076C5}.Development|Any CPU.ActiveCfg = Development|Any CPU
		{B740EA69-8681-45D1-AC17-3F5E82A076C5}.Development|Any CPU.Build.0 = Development|Any CPU
		{B740EA69-8681-45D1-AC17-3F5E82A076C5}.Development|x64.ActiveCfg = Development|Any CPU
		{B740EA69-8681-45D1-AC17-3F5E82A076C5}.Development|x64.Build.0 = Development|Any CPU
		{B740EA69-8681-45D1-AC17-3F5E82A076C5}.Development|x86.ActiveCfg = Development|Any CPU
		{B740EA69-8681-45D1-AC17-3F5E82A076C5}.Development|x86.Build.0 = Development|Any CPU
		{B740EA69-8681-45D1-AC17-3F5E82A076C5}.Production|Any CPU.ActiveCfg = Production|Any CPU
		{B740EA69-8681-45D1-AC17-3F5E82A076C5}.Production|Any CPU.Build.0 = Production|Any CPU
		{B740EA69-8681-45D1-AC17-3F5E82A076C5}.Production|x64.ActiveCfg = Production|Any CPU
		{B740EA69-8681-45D1-AC17-3F5E82A076C5}.Production|x64.Build.0 = Production|Any CPU
		{B740EA69-8681-45D1-AC17-3F5E82A076C5}.Production|x86.ActiveCfg = Production|Any CPU
		{B740EA69-8681-45D1-AC17-3F5E82A076C5}.Production|x86.Build.0 = Production|Any CPU
		{B740EA69-8681-45D1-AC17-3F5E82A076C5}.Release|Any CPU.ActiveCfg = Release|Any CPU
		{B740EA69-8681-45D1-AC17-3F5E82A076C5}.Release|Any CPU.Build.0 = Release|Any CPU
		{B740EA69-8681-45D1-AC17-3F5E82A076C5}.Release|x64.ActiveCfg = Release|Any CPU
		{B740EA69-8681-45D1-AC17-3F5E82A076C5}.Release|x64.Build.0 = Release|Any CPU
		{B740EA69-8681-45D1-AC17-3F5E82A076C5}.Release|x86.ActiveCfg = Release|Any CPU
		{B740EA69-8681-45D1-AC17-3F5E82A076C5}.Release|x86.Build.0 = Release|Any CPU
		{B740EA69-8681-45D1-AC17-3F5E82A076C5}.Staging|Any CPU.ActiveCfg = Staging|Any CPU
		{B740EA69-8681-45D1-AC17-3F5E82A076C5}.Staging|Any CPU.Build.0 = Staging|Any CPU
		{B740EA69-8681-45D1-AC17-3F5E82A076C5}.Staging|x64.ActiveCfg = Staging|Any CPU
		{B740EA69-8681-45D1-AC17-3F5E82A076C5}.Staging|x64.Build.0 = Staging|Any CPU
		{B740EA69-8681-45D1-AC17-3F5E82A076C5}.Staging|x86.ActiveCfg = Staging|Any CPU
		{B740EA69-8681-45D1-AC17-3F5E82A076C5}.Staging|x86.Build.0 = Staging|Any CPU
		{06081E3A-8FB8-41CE-BF31-A32D69B16EC7}.Debug|Any CPU.ActiveCfg = Debug|Any CPU
		{06081E3A-8FB8-41CE-BF31-A32D69B16EC7}.Debug|Any CPU.Build.0 = Debug|Any CPU
		{06081E3A-8FB8-41CE-BF31-A32D69B16EC7}.Debug|x64.ActiveCfg = Debug|Any CPU
		{06081E3A-8FB8-41CE-BF31-A32D69B16EC7}.Debug|x64.Build.0 = Debug|Any CPU
		{06081E3A-8FB8-41CE-BF31-A32D69B16EC7}.Debug|x86.ActiveCfg = Debug|Any CPU
		{06081E3A-8FB8-41CE-BF31-A32D69B16EC7}.Debug|x86.Build.0 = Debug|Any CPU
		{06081E3A-8FB8-41CE-BF31-A32D69B16EC7}.Development|Any CPU.ActiveCfg = Development|Any CPU
		{06081E3A-8FB8-41CE-BF31-A32D69B16EC7}.Development|Any CPU.Build.0 = Development|Any CPU
		{06081E3A-8FB8-41CE-BF31-A32D69B16EC7}.Development|x64.ActiveCfg = Development|Any CPU
		{06081E3A-8FB8-41CE-BF31-A32D69B16EC7}.Development|x64.Build.0 = Development|Any CPU
		{06081E3A-8FB8-41CE-BF31-A32D69B16EC7}.Development|x86.ActiveCfg = Development|Any CPU
		{06081E3A-8FB8-41CE-BF31-A32D69B16EC7}.Development|x86.Build.0 = Development|Any CPU
		{06081E3A-8FB8-41CE-BF31-A32D69B16EC7}.Production|Any CPU.ActiveCfg = Production|Any CPU
		{06081E3A-8FB8-41CE-BF31-A32D69B16EC7}.Production|Any CPU.Build.0 = Production|Any CPU
		{06081E3A-8FB8-41CE-BF31-A32D69B16EC7}.Production|x64.ActiveCfg = Production|Any CPU
		{06081E3A-8FB8-41CE-BF31-A32D69B16EC7}.Production|x64.Build.0 = Production|Any CPU
		{06081E3A-8FB8-41CE-BF31-A32D69B16EC7}.Production|x86.ActiveCfg = Production|Any CPU
		{06081E3A-8FB8-41CE-BF31-A32D69B16EC7}.Production|x86.Build.0 = Production|Any CPU
		{06081E3A-8FB8-41CE-BF31-A32D69B16EC7}.Release|Any CPU.ActiveCfg = Release|Any CPU
		{06081E3A-8FB8-41CE-BF31-A32D69B16EC7}.Release|Any CPU.Build.0 = Release|Any CPU
		{06081E3A-8FB8-41CE-BF31-A32D69B16EC7}.Release|x64.ActiveCfg = Release|Any CPU
		{06081E3A-8FB8-41CE-BF31-A32D69B16EC7}.Release|x64.Build.0 = Release|Any CPU
		{06081E3A-8FB8-41CE-BF31-A32D69B16EC7}.Release|x86.ActiveCfg = Release|Any CPU
		{06081E3A-8FB8-41CE-BF31-A32D69B16EC7}.Release|x86.Build.0 = Release|Any CPU
		{06081E3A-8FB8-41CE-BF31-A32D69B16EC7}.Staging|Any CPU.ActiveCfg = Staging|Any CPU
		{06081E3A-8FB8-41CE-BF31-A32D69B16EC7}.Staging|Any CPU.Build.0 = Staging|Any CPU
		{06081E3A-8FB8-41CE-BF31-A32D69B16EC7}.Staging|x64.ActiveCfg = Staging|Any CPU
		{06081E3A-8FB8-41CE-BF31-A32D69B16EC7}.Staging|x64.Build.0 = Staging|Any CPU
		{06081E3A-8FB8-41CE-BF31-A32D69B16EC7}.Staging|x86.ActiveCfg = Staging|Any CPU
		{06081E3A-8FB8-41CE-BF31-A32D69B16EC7}.Staging|x86.Build.0 = Staging|Any CPU
		{7001A624-65AB-49C2-829B-9CD39FD49AE3}.Debug|Any CPU.ActiveCfg = Debug|x86
		{7001A624-65AB-49C2-829B-9CD39FD49AE3}.Debug|x64.ActiveCfg = Debug|x64
		{7001A624-65AB-49C2-829B-9CD39FD49AE3}.Debug|x64.Build.0 = Debug|x64
		{7001A624-65AB-49C2-829B-9CD39FD49AE3}.Debug|x86.ActiveCfg = Debug|x86
		{7001A624-65AB-49C2-829B-9CD39FD49AE3}.Debug|x86.Build.0 = Debug|x86
		{7001A624-65AB-49C2-829B-9CD39FD49AE3}.Development|Any CPU.ActiveCfg = Release|x64
		{7001A624-65AB-49C2-829B-9CD39FD49AE3}.Development|Any CPU.Build.0 = Release|x64
		{7001A624-65AB-49C2-829B-9CD39FD49AE3}.Development|x64.ActiveCfg = Development|x64
		{7001A624-65AB-49C2-829B-9CD39FD49AE3}.Development|x64.Build.0 = Development|x64
		{7001A624-65AB-49C2-829B-9CD39FD49AE3}.Development|x86.ActiveCfg = Debug|x86
		{7001A624-65AB-49C2-829B-9CD39FD49AE3}.Development|x86.Build.0 = Debug|x86
		{7001A624-65AB-49C2-829B-9CD39FD49AE3}.Production|Any CPU.ActiveCfg = Release|x64
		{7001A624-65AB-49C2-829B-9CD39FD49AE3}.Production|Any CPU.Build.0 = Release|x64
		{7001A624-65AB-49C2-829B-9CD39FD49AE3}.Production|x64.ActiveCfg = Production|x64
		{7001A624-65AB-49C2-829B-9CD39FD49AE3}.Production|x64.Build.0 = Production|x64
		{7001A624-65AB-49C2-829B-9CD39FD49AE3}.Production|x86.ActiveCfg = Release|x86
		{7001A624-65AB-49C2-829B-9CD39FD49AE3}.Production|x86.Build.0 = Release|x86
		{7001A624-65AB-49C2-829B-9CD39FD49AE3}.Release|Any CPU.ActiveCfg = Release|x86
		{7001A624-65AB-49C2-829B-9CD39FD49AE3}.Release|x64.ActiveCfg = Release|x64
		{7001A624-65AB-49C2-829B-9CD39FD49AE3}.Release|x64.Build.0 = Release|x64
		{7001A624-65AB-49C2-829B-9CD39FD49AE3}.Release|x86.ActiveCfg = Release|x86
		{7001A624-65AB-49C2-829B-9CD39FD49AE3}.Release|x86.Build.0 = Release|x86
		{7001A624-65AB-49C2-829B-9CD39FD49AE3}.Staging|Any CPU.ActiveCfg = Release|x64
		{7001A624-65AB-49C2-829B-9CD39FD49AE3}.Staging|Any CPU.Build.0 = Release|x64
		{7001A624-65AB-49C2-829B-9CD39FD49AE3}.Staging|x64.ActiveCfg = Staging|x64
		{7001A624-65AB-49C2-829B-9CD39FD49AE3}.Staging|x64.Build.0 = Staging|x64
		{7001A624-65AB-49C2-829B-9CD39FD49AE3}.Staging|x86.ActiveCfg = Release|x86
		{7001A624-65AB-49C2-829B-9CD39FD49AE3}.Staging|x86.Build.0 = Release|x86
	EndGlobalSection
	GlobalSection(SolutionProperties) = preSolution
		HideSolutionNode = FALSE
	EndGlobalSection
	GlobalSection(ExtensibilityGlobals) = postSolution
		SolutionGuid = {11CA3875-13F1-4D4C-AA00-6946173B39C5}
	EndGlobalSection
EndGlobal
